Microsoft Visual Studio Solution File, Format Version 12.00
# Visual Studio Version 17
VisualStudioVersion = 17.5.2.0
MinimumVisualStudioVersion = 10.0.40219.1
Project("{FAE04EC0-301F-11D3-BF4B-00C04F79EFBC}") = "IVENavigator", "IVENavigator\IVENavigator.csproj", "{7826E070-B34F-EB50-8E3E-969E6375E86F}"
EndProject
Project("{FAE04EC0-301F-11D3-BF4B-00C04F79EFBC}") = "test_console", "test_console\test_console.csproj", "{9E54D047-4BC2-3BA3-51F6-567DFCC3275A}"
EndProject
Global
	GlobalSection(SolutionConfigurationPlatforms) = preSolution
		Debug|Any CPU = Debug|Any CPU
		Release|Any CPU = Release|Any CPU
	EndGlobalSection
	GlobalSection(ProjectConfigurationPlatforms) = postSolution
		{7826E070-B34F-EB50-8E3E-969E6375E86F}.Debug|Any CPU.ActiveCfg = Debug|Any CPU
		{7826E070-B34F-EB50-8E3E-969E6375E86F}.Debug|Any CPU.Build.0 = Debug|Any CPU
		{7826E070-B34F-EB50-8E3E-969E6375E86F}.Release|Any CPU.ActiveCfg = Release|Any CPU
		{7826E070-B34F-EB50-8E3E-969E6375E86F}.Release|Any CPU.Build.0 = Release|Any CPU
		{9E54D047-4BC2-3BA3-51F6-567DFCC3275A}.Debug|Any CPU.ActiveCfg = Debug|Any CPU
		{9E54D047-4BC2-3BA3-51F6-567DFCC3275A}.Debug|Any CPU.Build.0 = Debug|Any CPU
		{9E54D047-4BC2-3BA3-51F6-567DFCC3275A}.Release|Any CPU.ActiveCfg = Release|Any CPU
		{9E54D047-4BC2-3BA3-51F6-567DFCC3275A}.Release|Any CPU.Build.0 = Release|Any CPU
	EndGlobalSection
	GlobalSection(SolutionProperties) = preSolution
		HideSolutionNode = FALSE
	EndGlobalSection
	GlobalSection(ExtensibilityGlobals) = postSolution
		SolutionGuid = {E769A80A-304A-4A59-97B0-B44D2619EAAF}
	EndGlobalSection
EndGlobal
